// !$*UTF8*$!
{
	archiveVersion = 1;
	classes = {
	};
	objectVersion = 56;
	objects = {

/* Begin PBXBuildFile section */
		7E2F1F322BAD2024003BE66F /* main.swift in Sources */ = {isa = PBXBuildFile; fileRef = 7E2F1F312BAD2024003BE66F /* main.swift */; };
		7E2F1F392BAD2043003BE66F /* Game.swift in Sources */ = {isa = PBXBuildFile; fileRef = 7E2F1F382BAD2043003BE66F /* Game.swift */; };
		7E2F1F3B2BAD204F003BE66F /* Player.swift in Sources */ = {isa = PBXBuildFile; fileRef = 7E2F1F3A2BAD204F003BE66F /* Player.swift */; };
		7E2F1F3D2BAD2061003BE66F /* Enemy.swift in Sources */ = {isa = PBXBuildFile; fileRef = 7E2F1F3C2BAD2061003BE66F /* Enemy.swift */; };
		7E2F1F3F2BAD2071003BE66F /* Battle.swift in Sources */ = {isa = PBXBuildFile; fileRef = 7E2F1F3E2BAD2071003BE66F /* Battle.swift */; };
		7E7FC02D2BAEB63700B548B2 /* Item.swift in Sources */ = {isa = PBXBuildFile; fileRef = 7E7FC02C2BAEB63700B548B2 /* Item.swift */; };
		7E7FC02F2BAEB63F00B548B2 /* Ability.swift in Sources */ = {isa = PBXBuildFile; fileRef = 7E7FC02E2BAEB63F00B548B2 /* Ability.swift */; };
		7E7FC0312BAEBE2A00B548B2 /* Heal.swift in Sources */ = {isa = PBXBuildFile; fileRef = 7E7FC0302BAEBE2A00B548B2 /* Heal.swift */; };
		7E7FC0352BAEC26E00B548B2 /* ManaRecovery.swift in Sources */ = {isa = PBXBuildFile; fileRef = 7E7FC0342BAEC26E00B548B2 /* ManaRecovery.swift */; };
/* End PBXBuildFile section */

/* Begin PBXCopyFilesBuildPhase section */
		7E2F1F2C2BAD2024003BE66F /* CopyFiles */ = {
			isa = PBXCopyFilesBuildPhase;
			buildActionMask = 2147483647;
			dstPath = /usr/share/man/man1/;
			dstSubfolderSpec = 0;
			files = (
			);
			runOnlyForDeploymentPostprocessing = 1;
		};
/* End PBXCopyFilesBuildPhase section */

/* Begin PBXFileReference section */
		7E2F1F2E2BAD2024003BE66F /* AFL2 */ = {isa = PBXFileReference; explicitFileType = "compiled.mach-o.executable"; includeInIndex = 0; path = AFL2; sourceTree = BUILT_PRODUCTS_DIR; };
		7E2F1F312BAD2024003BE66F /* main.swift */ = {isa = PBXFileReference; lastKnownFileType = sourcecode.swift; path = main.swift; sourceTree = "<group>"; };
		7E2F1F382BAD2043003BE66F /* Game.swift */ = {isa = PBXFileReference; lastKnownFileType = sourcecode.swift; path = Game.swift; sourceTree = "<group>"; };
		7E2F1F3A2BAD204F003BE66F /* Player.swift */ = {isa = PBXFileReference; lastKnownFileType = sourcecode.swift; path = Player.swift; sourceTree = "<group>"; };
		7E2F1F3C2BAD2061003BE66F /* Enemy.swift */ = {isa = PBXFileReference; lastKnownFileType = sourcecode.swift; path = Enemy.swift; sourceTree = "<group>"; };
		7E2F1F3E2BAD2071003BE66F /* Battle.swift */ = {isa = PBXFileReference; lastKnownFileType = sourcecode.swift; path = Battle.swift; sourceTree = "<group>"; };
		7E7FC02C2BAEB63700B548B2 /* Item.swift */ = {isa = PBXFileReference; lastKnownFileType = sourcecode.swift; path = Item.swift; sourceTree = "<group>"; };
		7E7FC02E2BAEB63F00B548B2 /* Ability.swift */ = {isa = PBXFileReference; lastKnownFileType = sourcecode.swift; path = Ability.swift; sourceTree = "<group>"; };
		7E7FC0302BAEBE2A00B548B2 /* Heal.swift */ = {isa = PBXFileReference; lastKnownFileType = sourcecode.swift; path = Heal.swift; sourceTree = "<group>"; };
		7E7FC0342BAEC26E00B548B2 /* ManaRecovery.swift */ = {isa = PBXFileReference; lastKnownFileType = sourcecode.swift; path = ManaRecovery.swift; sourceTree = "<group>"; };
/* End PBXFileReference section */

/* Begin PBXFrameworksBuildPhase section */
		7E2F1F2B2BAD2024003BE66F /* Frameworks */ = {
			isa = PBXFrameworksBuildPhase;
			buildActionMask = 2147483647;
			files = (
			);
			runOnlyForDeploymentPostprocessing = 0;
		};
/* End PBXFrameworksBuildPhase section */

/* Begin PBXGroup section */
		7E2F1F252BAD2024003BE66F = {
			isa = PBXGroup;
			children = (
				7E2F1F302BAD2024003BE66F /* AFL2 */,
				7E2F1F2F2BAD2024003BE66F /* Products */,
			);
			sourceTree = "<group>";
		};
		7E2F1F2F2BAD2024003BE66F /* Products */ = {
			isa = PBXGroup;
			children = (
				7E2F1F2E2BAD2024003BE66F /* AFL2 */,
			);
			name = Products;
			sourceTree = "<group>";
		};
		7E2F1F302BAD2024003BE66F /* AFL2 */ = {
			isa = PBXGroup;
			children = (
				7E2F1F312BAD2024003BE66F /* main.swift */,
				7E2F1F382BAD2043003BE66F /* Game.swift */,
				7E2F1F3A2BAD204F003BE66F /* Player.swift */,
				7E2F1F3C2BAD2061003BE66F /* Enemy.swift */,
				7E2F1F3E2BAD2071003BE66F /* Battle.swift */,
				7E7FC02E2BAEB63F00B548B2 /* Ability.swift */,
				7E7FC02C2BAEB63700B548B2 /* Item.swift */,
				7E7FC0302BAEBE2A00B548B2 /* Heal.swift */,
				7E7FC0342BAEC26E00B548B2 /* ManaRecovery.swift */,
			);
			path = AFL2;
			sourceTree = "<group>";
		};
/* End PBXGroup section */

/* Begin PBXNativeTarget section */
		7E2F1F2D2BAD2024003BE66F /* AFL2 */ = {
			isa = PBXNativeTarget;
			buildConfigurationList = 7E2F1F352BAD2024003BE66F /* Build configuration list for PBXNativeTarget "AFL2" */;
			buildPhases = (
				7E2F1F2A2BAD2024003BE66F /* Sources */,
				7E2F1F2B2BAD2024003BE66F /* Frameworks */,
				7E2F1F2C2BAD2024003BE66F /* CopyFiles */,
			);
			buildRules = (
			);
			dependencies = (
			);
			name = AFL2;
			productName = AFL2;
			productReference = 7E2F1F2E2BAD2024003BE66F /* AFL2 */;
			productType = "com.apple.product-type.tool";
		};
/* End PBXNativeTarget section */

/* Begin PBXProject section */
		7E2F1F262BAD2024003BE66F /* Project object */ = {
			isa = PBXProject;
			attributes = {
				BuildIndependentTargetsInParallel = 1;
				LastSwiftUpdateCheck = 1520;
				LastUpgradeCheck = 1520;
				TargetAttributes = {
					7E2F1F2D2BAD2024003BE66F = {
						CreatedOnToolsVersion = 15.2;
					};
				};
			};
			buildConfigurationList = 7E2F1F292BAD2024003BE66F /* Build configuration list for PBXProject "AFL2" */;
			compatibilityVersion = "Xcode 14.0";
			developmentRegion = en;
			hasScannedForEncodings = 0;
			knownRegions = (
				en,
				Base,
			);
			mainGroup = 7E2F1F252BAD2024003BE66F;
			productRefGroup = 7E2F1F2F2BAD2024003BE66F /* Products */;
			projectDirPath = "";
			projectRoot = "";
			targets = (
				7E2F1F2D2BAD2024003BE66F /* AFL2 */,
			);
		};
/* End PBXProject section */

/* Begin PBXSourcesBuildPhase section */
		7E2F1F2A2BAD2024003BE66F /* Sources */ = {
			isa = PBXSourcesBuildPhase;
			buildActionMask = 2147483647;
			files = (
				7E2F1F3D2BAD2061003BE66F /* Enemy.swift in Sources */,
				7E2F1F322BAD2024003BE66F /* main.swift in Sources */,
				7E2F1F3B2BAD204F003BE66F /* Player.swift in Sources */,
				7E7FC02F2BAEB63F00B548B2 /* Ability.swift in Sources */,
				7E2F1F3F2BAD2071003BE66F /* Battle.swift in Sources */,
				7E7FC02D2BAEB63700B548B2 /* Item.swift in Sources */,
				7E2F1F392BAD2043003BE66F /* Game.swift in Sources */,
				7E7FC0352BAEC26E00B548B2 /* ManaRecovery.swift in Sources */,
				7E7FC0312BAEBE2A00B548B2 /* Heal.swift in Sources */,
			);
			runOnlyForDeploymentPostprocessing = 0;
		};
/* End PBXSourcesBuildPhase section */

/* Begin XCBuildConfiguration section */
		7E2F1F332BAD2024003BE66F /* Debug */ = {
			isa = XCBuildConfiguration;
			buildSettings = {
				ALWAYS_SEARCH_USER_PATHS = NO;
				ASSETCATALOG_COMPILER_GENERATE_SWIFT_ASSET_SYMBOL_EXTENSIONS = YES;
				CLANG_ANALYZER_NONNULL = YES;
				CLANG_ANALYZER_NUMBER_OBJECT_CONVERSION = YES_AGGRESSIVE;
				CLANG_CXX_LANGUAGE_STANDARD = "gnu++20";
				CLANG_ENABLE_MODULES = YES;
				CLANG_ENABLE_OBJC_ARC = YES;
				CLANG_ENABLE_OBJC_WEAK = YES;
				CLANG_WARN_BLOCK_CAPTURE_AUTORELEASING = YES;
				CLANG_WARN_BOOL_CONVERSION = YES;
				CLANG_WARN_COMMA = YES;
				CLANG_WARN_CONSTANT_CONVERSION = YES;
				CLANG_WARN_DEPRECATED_OBJC_IMPLEMENTATIONS = YES;
				CLANG_WARN_DIRECT_OBJC_ISA_USAGE = YES_ERROR;
				CLANG_WARN_DOCUMENTATION_COMMENTS = YES;
				CLANG_WARN_EMPTY_BODY = YES;
				CLANG_WARN_ENUM_CONVERSION = YES;
				CLANG_WARN_INFINITE_RECURSION = YES;
				CLANG_WARN_INT_CONVERSION = YES;
				CLANG_WARN_NON_LITERAL_NULL_CONVERSION = YES;
				CLANG_WARN_OBJC_IMPLICIT_RETAIN_SELF = YES;
				CLANG_WARN_OBJC_LITERAL_CONVERSION = YES;
				CLANG_WARN_OBJC_ROOT_CLASS = YES_ERROR;
				CLANG_WARN_QUOTED_INCLUDE_IN_FRAMEWORK_HEADER = YES;
				CLANG_WARN_RANGE_LOOP_ANALYSIS = YES;
				CLANG_WARN_STRICT_PROTOTYPES = YES;
				CLANG_WARN_SUSPICIOUS_MOVE = YES;
				CLANG_WARN_UNGUARDED_AVAILABILITY = YES_AGGRESSIVE;
				CLANG_WARN_UNREACHABLE_CODE = YES;
				CLANG_WARN__DUPLICATE_METHOD_MATCH = YES;
				COPY_PHASE_STRIP = NO;
				DEBUG_INFORMATION_FORMAT = dwarf;
				ENABLE_STRICT_OBJC_MSGSEND = YES;
				ENABLE_TESTABILITY = YES;
				ENABLE_USER_SCRIPT_SANDBOXING = YES;
				GCC_C_LANGUAGE_STANDARD = gnu17;
				GCC_DYNAMIC_NO_PIC = NO;
				GCC_NO_COMMON_BLOCKS = YES;
				GCC_OPTIMIZATION_LEVEL = 0;
				GCC_PREPROCESSOR_DEFINITIONS = (
					"DEBUG=1",
					"$(inherited)",
				);
				GCC_WARN_64_TO_32_BIT_CONVERSION = YES;
				GCC_WARN_ABOUT_RETURN_TYPE = YES_ERROR;
				GCC_WARN_UNDECLARED_SELECTOR = YES;
				GCC_WARN_UNINITIALIZED_AUTOS = YES_AGGRESSIVE;
				GCC_WARN_UNUSED_FUNCTION = YES;
				GCC_WARN_UNUSED_VARIABLE = YES;
				LOCALIZATION_PREFERS_STRING_CATALOGS = YES;
				MACOSX_DEPLOYMENT_TARGET = 13.5;
				MTL_ENABLE_DEBUG_INFO = INCLUDE_SOURCE;
				MTL_FAST_MATH = YES;
				ONLY_ACTIVE_ARCH = YES;
				SDKROOT = macosx;
				SWIFT_ACTIVE_COMPILATION_CONDITIONS = "DEBUG $(inherited)";
				SWIFT_OPTIMIZATION_LEVEL = "-Onone";
			};
			name = Debug;
		};
		7E2F1F342BAD2024003BE66F /* Release */ = {
			isa = XCBuildConfiguration;
			buildSettings = {
				ALWAYS_SEARCH_USER_PATHS = NO;
				ASSETCATALOG_COMPILER_GENERATE_SWIFT_ASSET_SYMBOL_EXTENSIONS = YES;
				CLANG_ANALYZER_NONNULL = YES;
				CLANG_ANALYZER_NUMBER_OBJECT_CONVERSION = YES_AGGRESSIVE;
				CLANG_CXX_LANGUAGE_STANDARD = "gnu++20";
				CLANG_ENABLE_MODULES = YES;
				CLANG_ENABLE_OBJC_ARC = YES;
				CLANG_ENABLE_OBJC_WEAK = YES;
				CLANG_WARN_BLOCK_CAPTURE_AUTORELEASING = YES;
				CLANG_WARN_BOOL_CONVERSION = YES;
				CLANG_WARN_COMMA = YES;
				CLANG_WARN_CONSTANT_CONVERSION = YES;
				CLANG_WARN_DEPRECATED_OBJC_IMPLEMENTATIONS = YES;
				CLANG_WARN_DIRECT_OBJC_ISA_USAGE = YES_ERROR;
				CLANG_WARN_DOCUMENTATION_COMMENTS = YES;
				CLANG_WARN_EMPTY_BODY = YES;
				CLANG_WARN_ENUM_CONVERSION = YES;
				CLANG_WARN_INFINITE_RECURSION = YES;
				CLANG_WARN_INT_CONVERSION = YES;
				CLANG_WARN_NON_LITERAL_NULL_CONVERSION = YES;
				CLANG_WARN_OBJC_IMPLICIT_RETAIN_SELF = YES;
				CLANG_WARN_OBJC_LITERAL_CONVERSION = YES;
				CLANG_WARN_OBJC_ROOT_CLASS = YES_ERROR;
				CLANG_WARN_QUOTED_INCLUDE_IN_FRAMEWORK_HEADER = YES;
				CLANG_WARN_RANGE_LOOP_ANALYSIS = YES;
				CLANG_WARN_STRICT_PROTOTYPES = YES;
				CLANG_WARN_SUSPICIOUS_MOVE = YES;
				CLANG_WARN_UNGUARDED_AVAILABILITY = YES_AGGRESSIVE;
				CLANG_WARN_UNREACHABLE_CODE = YES;
				CLANG_WARN__DUPLICATE_METHOD_MATCH = YES;
				COPY_PHASE_STRIP = NO;
				DEBUG_INFORMATION_FORMAT = "dwarf-with-dsym";
				ENABLE_NS_ASSERTIONS = NO;
				ENABLE_STRICT_OBJC_MSGSEND = YES;
				ENABLE_USER_SCRIPT_SANDBOXING = YES;
				GCC_C_LANGUAGE_STANDARD = gnu17;
				GCC_NO_COMMON_BLOCKS = YES;
				GCC_WARN_64_TO_32_BIT_CONVERSION = YES;
				GCC_WARN_ABOUT_RETURN_TYPE = YES_ERROR;
				GCC_WARN_UNDECLARED_SELECTOR = YES;
				GCC_WARN_UNINITIALIZED_AUTOS = YES_AGGRESSIVE;
				GCC_WARN_UNUSED_FUNCTION = YES;
				GCC_WARN_UNUSED_VARIABLE = YES;
				LOCALIZATION_PREFERS_STRING_CATALOGS = YES;
				MACOSX_DEPLOYMENT_TARGET = 13.5;
				MTL_ENABLE_DEBUG_INFO = NO;
				MTL_FAST_MATH = YES;
				SDKROOT = macosx;
				SWIFT_COMPILATION_MODE = wholemodule;
			};
			name = Release;
		};
		7E2F1F362BAD2024003BE66F /* Debug */ = {
			isa = XCBuildConfiguration;
			buildSettings = {
				CODE_SIGN_STYLE = Automatic;
				DEVELOPMENT_TEAM = X7N87J76HK;
				ENABLE_HARDENED_RUNTIME = YES;
				PRODUCT_NAME = "$(TARGET_NAME)";
				SWIFT_VERSION = 5.0;
			};
			name = Debug;
		};
		7E2F1F372BAD2024003BE66F /* Release */ = {
			isa = XCBuildConfiguration;
			buildSettings = {
				CODE_SIGN_STYLE = Automatic;
				DEVELOPMENT_TEAM = X7N87J76HK;
				ENABLE_HARDENED_RUNTIME = YES;
				PRODUCT_NAME = "$(TARGET_NAME)";
				SWIFT_VERSION = 5.0;
			};
			name = Release;
		};
/* End XCBuildConfiguration section */

/* Begin XCConfigurationList section */
		7E2F1F292BAD2024003BE66F /* Build configuration list for PBXProject "AFL2" */ = {
			isa = XCConfigurationList;
			buildConfigurations = (
				7E2F1F332BAD2024003BE66F /* Debug */,
				7E2F1F342BAD2024003BE66F /* Release */,
			);
			defaultConfigurationIsVisible = 0;
			defaultConfigurationName = Release;
		};
		7E2F1F352BAD2024003BE66F /* Build configuration list for PBXNativeTarget "AFL2" */ = {
			isa = XCConfigurationList;
			buildConfigurations = (
				7E2F1F362BAD2024003BE66F /* Debug */,
				7E2F1F372BAD2024003BE66F /* Release */,
			);
			defaultConfigurationIsVisible = 0;
			defaultConfigurationName = Release;
		};
/* End XCConfigurationList section */
	};
	rootObject = 7E2F1F262BAD2024003BE66F /* Project object */;
}
